
Microsoft Visual Studio Solution File, Format Version 10.00
# Visual Studio 2008
Project("{8BC9CEB8-8B4A-11D0-8D11-00A0C91BC942}") = "CPPVirtual", "CPPVirtual\CPPVirtual.vcproj", "{D3667C17-34FA-4069-91A5-7FAFE445E75B}"
EndProject
Global
	GlobalSection(SolutionConfigurationPlatforms) = preSolution
		Debug|Win32 = Debug|Win32
		Release|Win32 = Release|Win32
	EndGlobalSection
	GlobalSection(ProjectConfigurationPlatforms) = postSolution
		{D3667C17-34FA-4069-91A5-7FAFE445E75B}.Debug|Win32.ActiveCfg = Debug|Win32
		{D3667C17-34FA-4069-91A5-7FAFE445E75B}.Debug|Win32.Build.0 = Debug|Win32
		{D3667C17-34FA-4069-91A5-7FAFE445E75B}.Release|Win32.ActiveCfg = Release|Win32
		{D3667C17-34FA-4069-91A5-7FAFE445E75B}.Release|Win32.Build.0 = Release|Win32
	EndGlobalSection
	GlobalSection(SolutionProperties) = preSolution
		HideSolutionNode = FALSE
	EndGlobalSection
EndGlobal
